
Microsoft Visual Studio Solution File, Format Version 12.00
# Visual Studio Version 17
VisualStudioVersion = 17.7.34031.279
MinimumVisualStudioVersion = 10.0.40219.1
Project("{2150E333-8FDC-42A3-9474-1A3956D46DE8}") = "Presentation", "Presentation", "{380C1E80-3324-4980-BF71-FCA8FF7C1F55}"
EndProject
Project("{9A19103F-16F7-4668-BE54-9A1E7A4F7556}") = "ECommerceAPI.API", "Presentation\ECommerceAPI.API\ECommerceAPI.API.csproj", "{B9E4276A-7615-450F-B351-163C109FF278}"
EndProject
Project("{2150E333-8FDC-42A3-9474-1A3956D46DE8}") = "Core", "Core", "{8759A782-4CC4-414E-81D3-8FEC9B078E2D}"
EndProject
Project("{9A19103F-16F7-4668-BE54-9A1E7A4F7556}") = "ECommerceAPI.Application", "Core\ECommerceAPI.Application\ECommerceAPI.Application.csproj", "{9525E5F7-BC91-4E23-A384-535300CF097E}"
EndProject
Project("{9A19103F-16F7-4668-BE54-9A1E7A4F7556}") = "ECommerceAPI.Domain", "Core\ECommerceAPI.Domain\ECommerceAPI.Domain.csproj", "{4AC3D714-1F5E-4C9B-82B5-767899992B5F}"
EndProject
Project("{2150E333-8FDC-42A3-9474-1A3956D46DE8}") = "Infrastructure", "Infrastructure", "{9A9D1195-3C8C-43DA-9D51-A66EC260F928}"
EndProject
Project("{9A19103F-16F7-4668-BE54-9A1E7A4F7556}") = "ECommerceAPI.Infrastructure", "Infrastructure\ECommerceAPI.Infrastructure\ECommerceAPI.Infrastructure.csproj", "{05C5623D-104B-4387-A0BE-73279C8A9AB6}"
EndProject
Project("{9A19103F-16F7-4668-BE54-9A1E7A4F7556}") = "ECommerceAPI.Persistence", "Infrastructure\ECommerceAPI.Persistence\ECommerceAPI.Persistence.csproj", "{00985C32-BA7D-4DC6-A3CF-815CD378F2CD}"
EndProject
Global
	GlobalSection(SolutionConfigurationPlatforms) = preSolution
		Debug|Any CPU = Debug|Any CPU
		Release|Any CPU = Release|Any CPU
	EndGlobalSection
	GlobalSection(ProjectConfigurationPlatforms) = postSolution
		{B9E4276A-7615-450F-B351-163C109FF278}.Debug|Any CPU.ActiveCfg = Debug|Any CPU
		{B9E4276A-7615-450F-B351-163C109FF278}.Debug|Any CPU.Build.0 = Debug|Any CPU
		{B9E4276A-7615-450F-B351-163C109FF278}.Release|Any CPU.ActiveCfg = Release|Any CPU
		{B9E4276A-7615-450F-B351-163C109FF278}.Release|Any CPU.Build.0 = Release|Any CPU
		{9525E5F7-BC91-4E23-A384-535300CF097E}.Debug|Any CPU.ActiveCfg = Debug|Any CPU
		{9525E5F7-BC91-4E23-A384-535300CF097E}.Debug|Any CPU.Build.0 = Debug|Any CPU
		{9525E5F7-BC91-4E23-A384-535300CF097E}.Release|Any CPU.ActiveCfg = Release|Any CPU
		{9525E5F7-BC91-4E23-A384-535300CF097E}.Release|Any CPU.Build.0 = Release|Any CPU
		{4AC3D714-1F5E-4C9B-82B5-767899992B5F}.Debug|Any CPU.ActiveCfg = Debug|Any CPU
		{4AC3D714-1F5E-4C9B-82B5-767899992B5F}.Debug|Any CPU.Build.0 = Debug|Any CPU
		{4AC3D714-1F5E-4C9B-82B5-767899992B5F}.Release|Any CPU.ActiveCfg = Release|Any CPU
		{4AC3D714-1F5E-4C9B-82B5-767899992B5F}.Release|Any CPU.Build.0 = Release|Any CPU
		{05C5623D-104B-4387-A0BE-73279C8A9AB6}.Debug|Any CPU.ActiveCfg = Debug|Any CPU
		{05C5623D-104B-4387-A0BE-73279C8A9AB6}.Debug|Any CPU.Build.0 = Debug|Any CPU
		{05C5623D-104B-4387-A0BE-73279C8A9AB6}.Release|Any CPU.ActiveCfg = Release|Any CPU
		{05C5623D-104B-4387-A0BE-73279C8A9AB6}.Release|Any CPU.Build.0 = Release|Any CPU
		{00985C32-BA7D-4DC6-A3CF-815CD378F2CD}.Debug|Any CPU.ActiveCfg = Debug|Any CPU
		{00985C32-BA7D-4DC6-A3CF-815CD378F2CD}.Debug|Any CPU.Build.0 = Debug|Any CPU
		{00985C32-BA7D-4DC6-A3CF-815CD378F2CD}.Release|Any CPU.ActiveCfg = Release|Any CPU
		{00985C32-BA7D-4DC6-A3CF-815CD378F2CD}.Release|Any CPU.Build.0 = Release|Any CPU
	EndGlobalSection
	GlobalSection(SolutionProperties) = preSolution
		HideSolutionNode = FALSE
	EndGlobalSection
	GlobalSection(NestedProjects) = preSolution
		{B9E4276A-7615-450F-B351-163C109FF278} = {380C1E80-3324-4980-BF71-FCA8FF7C1F55}
		{9525E5F7-BC91-4E23-A384-535300CF097E} = {8759A782-4CC4-414E-81D3-8FEC9B078E2D}
		{4AC3D714-1F5E-4C9B-82B5-767899992B5F} = {8759A782-4CC4-414E-81D3-8FEC9B078E2D}
		{05C5623D-104B-4387-A0BE-73279C8A9AB6} = {9A9D1195-3C8C-43DA-9D51-A66EC260F928}
		{00985C32-BA7D-4DC6-A3CF-815CD378F2CD} = {9A9D1195-3C8C-43DA-9D51-A66EC260F928}
	EndGlobalSection
	GlobalSection(ExtensibilityGlobals) = postSolution
		SolutionGuid = {33BB84C9-F3F5-4AB5-BEB3-637640092C93}
	EndGlobalSection
EndGlobal
